
Microsoft Visual Studio Solution File, Format Version 10.00
# Visual Studio 2008
Project("{FAE04EC0-301F-11D3-BF4B-00C04F79EFBC}") = "ReVerser2015.WebAPI", "ReVerser2015.WebAPI\ReVerser2015.WebAPI.csproj", "{9B74F770-F7C5-41C3-9743-6D618F723727}"
EndProject
Project("{FAE04EC0-301F-11D3-BF4B-00C04F79EFBC}") = "ReVerser2015.WebAPI Demo", "ReVerser2015.WebAPI Demo\ReVerser2015.WebAPI Demo.csproj", "{E791EEC8-FDE9-4A90-8B65-7C430A6845CC}"
EndProject
Project("{FAE04EC0-301F-11D3-BF4B-00C04F79EFBC}") = "ReVerser2015.WebAPI.YandexSearch", "ReVerser2015.WebAPI.YandexSearch\ReVerser2015.WebAPI.YandexSearch.csproj", "{7A1BAC03-0F09-46FD-B439-A85FFF4D2BEC}"
EndProject
Project("{FAE04EC0-301F-11D3-BF4B-00C04F79EFBC}") = "ReVerser2015.WebAPI.YandexSearch Demo", "ReVerser2015.WebAPI.YandexSearch Demo\ReVerser2015.WebAPI.YandexSearch Demo.csproj", "{E11B55D2-8C83-42B9-9A2C-E13AEAC6FF1C}"
EndProject
Project("{FAE04EC0-301F-11D3-BF4B-00C04F79EFBC}") = "ReVerser2015.WebAPI.VK", "ReVerser2015.WebAPI.VK\ReVerser2015.WebAPI.VK.csproj", "{7847EDF0-61F0-4439-93EF-2F291CA11576}"
EndProject
Project("{FAE04EC0-301F-11D3-BF4B-00C04F79EFBC}") = "ReVerser2015.WebAPI.VK Demo", "ReVerser2015.WebAPI.VK Demo\ReVerser2015.WebAPI.VK Demo.csproj", "{5D253C8C-3CA9-401F-BA54-A1260CCE5B4A}"
EndProject
Project("{FAE04EC0-301F-11D3-BF4B-00C04F79EFBC}") = "ReVerser2015.WebAPI.UI.WinForms", "ReVerser2015.WebAPI.UI.WinForms\ReVerser2015.WebAPI.UI.WinForms.csproj", "{E6B42DF8-87F5-49ED-86BE-FDE73D2B4653}"
EndProject
Project("{FAE04EC0-301F-11D3-BF4B-00C04F79EFBC}") = "ReVerser2015.WebAPI.UI.WinForms Demo", "ReVerser2015.WebAPI.UI.WinForms Demo\ReVerser2015.WebAPI.UI.WinForms Demo.csproj", "{C83ABEBB-B117-4EF7-BB43-8CEB8AFA9818}"
EndProject
Project("{FAE04EC0-301F-11D3-BF4B-00C04F79EFBC}") = "ReVerser2015.WebAPI.GoogleSearch", "ReVerser2015.WebAPI.GoogleSearch\ReVerser2015.WebAPI.GoogleSearch.csproj", "{94B95B76-9472-4390-B4FF-768573C1943E}"
EndProject
Global
	GlobalSection(SolutionConfigurationPlatforms) = preSolution
		Debug|Any CPU = Debug|Any CPU
		Release|Any CPU = Release|Any CPU
	EndGlobalSection
	GlobalSection(ProjectConfigurationPlatforms) = postSolution
		{9B74F770-F7C5-41C3-9743-6D618F723727}.Debug|Any CPU.ActiveCfg = Debug|Any CPU
		{9B74F770-F7C5-41C3-9743-6D618F723727}.Debug|Any CPU.Build.0 = Debug|Any CPU
		{9B74F770-F7C5-41C3-9743-6D618F723727}.Release|Any CPU.ActiveCfg = Release|Any CPU
		{9B74F770-F7C5-41C3-9743-6D618F723727}.Release|Any CPU.Build.0 = Release|Any CPU
		{E791EEC8-FDE9-4A90-8B65-7C430A6845CC}.Debug|Any CPU.ActiveCfg = Debug|Any CPU
		{E791EEC8-FDE9-4A90-8B65-7C430A6845CC}.Debug|Any CPU.Build.0 = Debug|Any CPU
		{E791EEC8-FDE9-4A90-8B65-7C430A6845CC}.Release|Any CPU.ActiveCfg = Release|Any CPU
		{E791EEC8-FDE9-4A90-8B65-7C430A6845CC}.Release|Any CPU.Build.0 = Release|Any CPU
		{7A1BAC03-0F09-46FD-B439-A85FFF4D2BEC}.Debug|Any CPU.ActiveCfg = Debug|Any CPU
		{7A1BAC03-0F09-46FD-B439-A85FFF4D2BEC}.Debug|Any CPU.Build.0 = Debug|Any CPU
		{7A1BAC03-0F09-46FD-B439-A85FFF4D2BEC}.Release|Any CPU.ActiveCfg = Release|Any CPU
		{7A1BAC03-0F09-46FD-B439-A85FFF4D2BEC}.Release|Any CPU.Build.0 = Release|Any CPU
		{E11B55D2-8C83-42B9-9A2C-E13AEAC6FF1C}.Debug|Any CPU.ActiveCfg = Debug|Any CPU
		{E11B55D2-8C83-42B9-9A2C-E13AEAC6FF1C}.Debug|Any CPU.Build.0 = Debug|Any CPU
		{E11B55D2-8C83-42B9-9A2C-E13AEAC6FF1C}.Release|Any CPU.ActiveCfg = Release|Any CPU
		{E11B55D2-8C83-42B9-9A2C-E13AEAC6FF1C}.Release|Any CPU.Build.0 = Release|Any CPU
		{7847EDF0-61F0-4439-93EF-2F291CA11576}.Debug|Any CPU.ActiveCfg = Debug|Any CPU
		{7847EDF0-61F0-4439-93EF-2F291CA11576}.Debug|Any CPU.Build.0 = Debug|Any CPU
		{7847EDF0-61F0-4439-93EF-2F291CA11576}.Release|Any CPU.ActiveCfg = Release|Any CPU
		{7847EDF0-61F0-4439-93EF-2F291CA11576}.Release|Any CPU.Build.0 = Release|Any CPU
		{5D253C8C-3CA9-401F-BA54-A1260CCE5B4A}.Debug|Any CPU.ActiveCfg = Debug|Any CPU
		{5D253C8C-3CA9-401F-BA54-A1260CCE5B4A}.Debug|Any CPU.Build.0 = Debug|Any CPU
		{5D253C8C-3CA9-401F-BA54-A1260CCE5B4A}.Release|Any CPU.ActiveCfg = Release|Any CPU
		{5D253C8C-3CA9-401F-BA54-A1260CCE5B4A}.Release|Any CPU.Build.0 = Release|Any CPU
		{E6B42DF8-87F5-49ED-86BE-FDE73D2B4653}.Debug|Any CPU.ActiveCfg = Debug|Any CPU
		{E6B42DF8-87F5-49ED-86BE-FDE73D2B4653}.Debug|Any CPU.Build.0 = Debug|Any CPU
		{E6B42DF8-87F5-49ED-86BE-FDE73D2B4653}.Release|Any CPU.ActiveCfg = Release|Any CPU
		{E6B42DF8-87F5-49ED-86BE-FDE73D2B4653}.Release|Any CPU.Build.0 = Release|Any CPU
		{C83ABEBB-B117-4EF7-BB43-8CEB8AFA9818}.Debug|Any CPU.ActiveCfg = Debug|Any CPU
		{C83ABEBB-B117-4EF7-BB43-8CEB8AFA9818}.Debug|Any CPU.Build.0 = Debug|Any CPU
		{C83ABEBB-B117-4EF7-BB43-8CEB8AFA9818}.Release|Any CPU.ActiveCfg = Release|Any CPU
		{C83ABEBB-B117-4EF7-BB43-8CEB8AFA9818}.Release|Any CPU.Build.0 = Release|Any CPU
		{94B95B76-9472-4390-B4FF-768573C1943E}.Debug|Any CPU.ActiveCfg = Debug|Any CPU
		{94B95B76-9472-4390-B4FF-768573C1943E}.Debug|Any CPU.Build.0 = Debug|Any CPU
		{94B95B76-9472-4390-B4FF-768573C1943E}.Release|Any CPU.ActiveCfg = Release|Any CPU
		{94B95B76-9472-4390-B4FF-768573C1943E}.Release|Any CPU.Build.0 = Release|Any CPU
	EndGlobalSection
	GlobalSection(SolutionProperties) = preSolution
		HideSolutionNode = FALSE
	EndGlobalSection
EndGlobal
