
Microsoft Visual Studio Solution File, Format Version 10.00
# Visual Studio 2008
Project("{FAE04EC0-301F-11D3-BF4B-00C04F79EFBC}") = "ReVerser2015.MailAPI.IMAP", "ReVerser2015.MailAPI.IMAP\ReVerser2015.MailAPI.IMAP.csproj", "{53CA4CB0-BC2F-49FB-A184-00F97EB674E7}"
EndProject
Global
	GlobalSection(SolutionConfigurationPlatforms) = preSolution
		Debug|Any CPU = Debug|Any CPU
		Release|Any CPU = Release|Any CPU
	EndGlobalSection
	GlobalSection(ProjectConfigurationPlatforms) = postSolution
		{53CA4CB0-BC2F-49FB-A184-00F97EB674E7}.Debug|Any CPU.ActiveCfg = Debug|Any CPU
		{53CA4CB0-BC2F-49FB-A184-00F97EB674E7}.Debug|Any CPU.Build.0 = Debug|Any CPU
		{53CA4CB0-BC2F-49FB-A184-00F97EB674E7}.Release|Any CPU.ActiveCfg = Release|Any CPU
		{53CA4CB0-BC2F-49FB-A184-00F97EB674E7}.Release|Any CPU.Build.0 = Release|Any CPU
	EndGlobalSection
	GlobalSection(SolutionProperties) = preSolution
		HideSolutionNode = FALSE
	EndGlobalSection
EndGlobal
